
Microsoft Visual Studio Solution File, Format Version 12.00
# Visual Studio Version 17
VisualStudioVersion = 17.3.32901.215
MinimumVisualStudioVersion = 10.0.40219.1
Project("{FAE04EC0-301F-11D3-BF4B-00C04F79EFBC}") = "bolum2uygulama26.1", "bolum2uygulama26.1\bolum2uygulama26.1.csproj", "{B3A5908C-132F-4BFE-AE2C-4428286C95EB}"
EndProject
Global
	GlobalSection(SolutionConfigurationPlatforms) = preSolution
		Debug|Any CPU = Debug|Any CPU
		Release|Any CPU = Release|Any CPU
	EndGlobalSection
	GlobalSection(ProjectConfigurationPlatforms) = postSolution
		{B3A5908C-132F-4BFE-AE2C-4428286C95EB}.Debug|Any CPU.ActiveCfg = Debug|Any CPU
		{B3A5908C-132F-4BFE-AE2C-4428286C95EB}.Debug|Any CPU.Build.0 = Debug|Any CPU
		{B3A5908C-132F-4BFE-AE2C-4428286C95EB}.Release|Any CPU.ActiveCfg = Release|Any CPU
		{B3A5908C-132F-4BFE-AE2C-4428286C95EB}.Release|Any CPU.Build.0 = Release|Any CPU
	EndGlobalSection
	GlobalSection(SolutionProperties) = preSolution
		HideSolutionNode = FALSE
	EndGlobalSection
	GlobalSection(ExtensibilityGlobals) = postSolution
		SolutionGuid = {D6257864-9EC6-423F-9B0E-09CA82F34159}
	EndGlobalSection
EndGlobal
